
Microsoft Visual Studio Solution File, Format Version 12.00
# Visual Studio Version 17
VisualStudioVersion = 17.2.32630.192
MinimumVisualStudioVersion = 10.0.40219.1
Project("{9A19103F-16F7-4668-BE54-9A1E7A4F7556}") = "ProblematicProblem", "ProblematicProblem\ProblematicProblem.csproj", "{6B1A3B1E-CD63-414A-88ED-1C11C15BF980}"
EndProject
Global
	GlobalSection(SolutionConfigurationPlatforms) = preSolution
		Debug|Any CPU = Debug|Any CPU
		Release|Any CPU = Release|Any CPU
	EndGlobalSection
	GlobalSection(ProjectConfigurationPlatforms) = postSolution
		{6B1A3B1E-CD63-414A-88ED-1C11C15BF980}.Debug|Any CPU.ActiveCfg = Debug|Any CPU
		{6B1A3B1E-CD63-414A-88ED-1C11C15BF980}.Debug|Any CPU.Build.0 = Debug|Any CPU
		{6B1A3B1E-CD63-414A-88ED-1C11C15BF980}.Release|Any CPU.ActiveCfg = Release|Any CPU
		{6B1A3B1E-CD63-414A-88ED-1C11C15BF980}.Release|Any CPU.Build.0 = Release|Any CPU
	EndGlobalSection
	GlobalSection(SolutionProperties) = preSolution
		HideSolutionNode = FALSE
	EndGlobalSection
	GlobalSection(ExtensibilityGlobals) = postSolution
		SolutionGuid = {CF0C2130-96B3-4F2A-BBD4-1A697100B975}
	EndGlobalSection
EndGlobal
